
Microsoft Visual Studio Solution File, Format Version 12.00
# Visual Studio Version 17
VisualStudioVersion = 17.3.32922.545
MinimumVisualStudioVersion = 10.0.40219.1
Project("{FAE04EC0-301F-11D3-BF4B-00C04F79EFBC}") = "MVCnewProject", "MVCnewProject.csproj", "{4568BFE5-7CD0-476B-81AE-9982FAB534CF}"
EndProject
Global
	GlobalSection(SolutionConfigurationPlatforms) = preSolution
		Debug|Any CPU = Debug|Any CPU
		Release|Any CPU = Release|Any CPU
	EndGlobalSection
	GlobalSection(ProjectConfigurationPlatforms) = postSolution
		{4568BFE5-7CD0-476B-81AE-9982FAB534CF}.Debug|Any CPU.ActiveCfg = Debug|Any CPU
		{4568BFE5-7CD0-476B-81AE-9982FAB534CF}.Debug|Any CPU.Build.0 = Debug|Any CPU
		{4568BFE5-7CD0-476B-81AE-9982FAB534CF}.Release|Any CPU.ActiveCfg = Release|Any CPU
		{4568BFE5-7CD0-476B-81AE-9982FAB534CF}.Release|Any CPU.Build.0 = Release|Any CPU
	EndGlobalSection
	GlobalSection(SolutionProperties) = preSolution
		HideSolutionNode = FALSE
	EndGlobalSection
	GlobalSection(ExtensibilityGlobals) = postSolution
		SolutionGuid = {47B3C517-9859-4498-8516-306F239C3F25}
	EndGlobalSection
EndGlobal
